
Microsoft Visual Studio Solution File, Format Version 12.00
# Visual Studio Version 17
VisualStudioVersion = 17.5.33502.453
MinimumVisualStudioVersion = 10.0.40219.1
Project("{FAE04EC0-301F-11D3-BF4B-00C04F79EFBC}") = "WareHouseWPF", "WareHouseWPF.csproj", "{424E9144-4413-4EF1-A29F-E0D2B2BB811B}"
EndProject
Global
	GlobalSection(SolutionConfigurationPlatforms) = preSolution
		Debug|Any CPU = Debug|Any CPU
		Release|Any CPU = Release|Any CPU
	EndGlobalSection
	GlobalSection(ProjectConfigurationPlatforms) = postSolution
		{424E9144-4413-4EF1-A29F-E0D2B2BB811B}.Debug|Any CPU.ActiveCfg = Debug|Any CPU
		{424E9144-4413-4EF1-A29F-E0D2B2BB811B}.Debug|Any CPU.Build.0 = Debug|Any CPU
		{424E9144-4413-4EF1-A29F-E0D2B2BB811B}.Release|Any CPU.ActiveCfg = Release|Any CPU
		{424E9144-4413-4EF1-A29F-E0D2B2BB811B}.Release|Any CPU.Build.0 = Release|Any CPU
	EndGlobalSection
	GlobalSection(SolutionProperties) = preSolution
		HideSolutionNode = FALSE
	EndGlobalSection
	GlobalSection(ExtensibilityGlobals) = postSolution
		SolutionGuid = {04476ADD-22F2-4DC1-B23F-8F45F1F45DFB}
	EndGlobalSection
EndGlobal
